github.com/guzmanweb/hellomod v0.0.0-20190312101512-70806a00261a h1:pFU9JECbnsalWSog174UfaIkDVp7MMzN4y/zuUvpdc4=
github.com/guzmanweb/hellomod v0.0.0-20190312101512-70806a00261a/go.mod h1:6MUXlQfjy4PvxbXSi33rq3I5P+Ml61Tz3QkzguIvz8I=
github.com/guzmanweb/hellomod v0.5.0 h1:N9FDgsbhYz4ovLUpgwa+zGLBFc0BMbpdgRdIShahSt8=
github.com/guzmanweb/hellomod v0.5.0/go.mod h1:6MUXlQfjy4PvxbXSi33rq3I5P+Ml61Tz3QkzguIvz8I=
github.com/guzmanweb/hellomod v0.8.0 h1:lq8E4OQjz4ZAzTK1ApldZDNi84wk1WPxyRntfjcatDg=
github.com/guzmanweb/hellomod v0.8.0/go.mod h1:6MUXlQfjy4PvxbXSi33rq3I5P+Ml61Tz3QkzguIvz8I=
github.com/guzmanweb/hellomod v0.8.1 h1:XzJlgMtWbLEY0PM2pzdjR2ZuTwJeuuGMHFvP8OytzA0=
github.com/guzmanweb/hellomod v0.8.1/go.mod h1:6MUXlQfjy4PvxbXSi33rq3I5P+Ml61Tz3QkzguIvz8I=
